PODS:
  - SwiftDate (4.5.1)
  - SwiftLint (0.24.2)

DEPENDENCIES:
  - SwiftDate (~> 4.0)
  - SwiftLint

SPEC CHECKSUMS:
  SwiftDate: 7b56d42a221f582047287deb256b23fc5ed49a60
  SwiftLint: 2aa21b96c8d13396a051bc1cb659d2ce1e0075b0

PODFILE CHECKSUM: 7fc6096cff98c3eb2688642ba6dd310db3284bc1

COCOAPODS: 1.4.0
